
Microsoft Visual Studio Solution File, Format Version 12.00
# Visual Studio 2012
Project("{FAE04EC0-301F-11D3-BF4B-00C04F79EFBC}") = "RecipeBox", "RecipeBox\RecipeBox.csproj", "{B4862F2B-4899-4013-A352-90AA54E8E45A}"
EndProject
Project("{FAE04EC0-301F-11D3-BF4B-00C04F79EFBC}") = "RecipeBox.Tests", "RecipeBox.Tests\RecipeBox.Tests.csproj", "{4AEAE1B6-AC97-4482-AD38-CF7EE22D91D2}"
EndProject
Global
	GlobalSection(SolutionConfigurationPlatforms) = preSolution
		Debug|Any CPU = Debug|Any CPU
		Release|Any CPU = Release|Any CPU
	EndGlobalSection
	GlobalSection(ProjectConfigurationPlatforms) = postSolution
		{B4862F2B-4899-4013-A352-90AA54E8E45A}.Debug|Any CPU.ActiveCfg = Debug|Any CPU
		{B4862F2B-4899-4013-A352-90AA54E8E45A}.Debug|Any CPU.Build.0 = Debug|Any CPU
		{B4862F2B-4899-4013-A352-90AA54E8E45A}.Release|Any CPU.ActiveCfg = Release|Any CPU
		{B4862F2B-4899-4013-A352-90AA54E8E45A}.Release|Any CPU.Build.0 = Release|Any CPU
		{4AEAE1B6-AC97-4482-AD38-CF7EE22D91D2}.Debug|Any CPU.ActiveCfg = Debug|Any CPU
		{4AEAE1B6-AC97-4482-AD38-CF7EE22D91D2}.Debug|Any CPU.Build.0 = Debug|Any CPU
		{4AEAE1B6-AC97-4482-AD38-CF7EE22D91D2}.Release|Any CPU.ActiveCfg = Release|Any CPU
		{4AEAE1B6-AC97-4482-AD38-CF7EE22D91D2}.Release|Any CPU.Build.0 = Release|Any CPU
	EndGlobalSection
EndGlobal
